
Microsoft Visual Studio Solution File, Format Version 12.00
# Visual Studio Version 17
VisualStudioVersion = 17.0.31903.59
MinimumVisualStudioVersion = 10.0.40219.1
Project("{2150E333-8FDC-42A3-9474-1A3956D46DE8}") = "src", "src", "{827E0CD3-B72D-47B6-A68D-7590B98EB39B}"
EndProject
Project("{2150E333-8FDC-42A3-9474-1A3956D46DE8}") = "ClientApps", "ClientApps", "{C44F958B-42E5-57CD-D7EB-959EAE901383}"
EndProject
Project("{2150E333-8FDC-42A3-9474-1A3956D46DE8}") = "Enrolly.AdminClient", "Enrolly.AdminClient", "{B2400225-C6F2-223A-6002-DB8D890A0652}"
EndProject
Project("{FAE04EC0-301F-11D3-BF4B-00C04F79EFBC}") = "Enrolly.AdminClient", "src\ClientApps\Enrolly.AdminClient\Enrolly.AdminClient\Enrolly.AdminClient.csproj", "{100321F8-A67D-4D43-B1DF-43C24D3E9D61}"
EndProject
Project("{2150E333-8FDC-42A3-9474-1A3956D46DE8}") = "Services", "Services", "{984BB9B3-3FA3-BE33-9484-CAC21695A33C}"
EndProject
Project("{2150E333-8FDC-42A3-9474-1A3956D46DE8}") = "Enrolly.Admissions", "Enrolly.Admissions", "{ED3BF561-8848-C7D8-1C34-53B83B2724E0}"
EndProject
Project("{FAE04EC0-301F-11D3-BF4B-00C04F79EFBC}") = "Enrolly.Admissions.Application", "src\Services\Enrolly.Admissions\Enrolly.Admissions.Application\Enrolly.Admissions.Application.csproj", "{7BCE2B1D-4618-4DF8-B68A-816ED51463BC}"
EndProject
Project("{FAE04EC0-301F-11D3-BF4B-00C04F79EFBC}") = "Enrolly.Admissions.Domain", "src\Services\Enrolly.Admissions\Enrolly.Admissions.Domain\Enrolly.Admissions.Domain.csproj", "{01B4EF23-FF4E-4C3F-8BE3-32B1473D9DA4}"
EndProject
Project("{FAE04EC0-301F-11D3-BF4B-00C04F79EFBC}") = "Enrolly.Admissions.Infrastructure", "src\Services\Enrolly.Admissions\Enrolly.Admissions.Infrastructure\Enrolly.Admissions.Infrastructure.csproj", "{D725B65D-2FC2-4A05-B2FF-A2BD336988F3}"
EndProject
Project("{FAE04EC0-301F-11D3-BF4B-00C04F79EFBC}") = "Enrolly.Admissions.Presentation", "src\Services\Enrolly.Admissions\Enrolly.Admissions.Presentation\Enrolly.Admissions.Presentation.csproj", "{8BD9311A-3A11-42BE-887A-C7223306C235}"
EndProject
Project("{2150E333-8FDC-42A3-9474-1A3956D46DE8}") = "Enrolly.Accounts", "Enrolly.Accounts", "{1E46A600-61D2-750F-D174-EAE54C761BE3}"
EndProject
Project("{FAE04EC0-301F-11D3-BF4B-00C04F79EFBC}") = "Enrolly.Accounts.Domain", "src\Services\Enrolly.Accounts\Enrolly.Accounts.Domain\Enrolly.Accounts.Domain.csproj", "{506FEEBA-B806-453D-BC5A-57C033AD1A7E}"
EndProject
Project("{2150E333-8FDC-42A3-9474-1A3956D46DE8}") = "Enrolly.EduDictionary", "Enrolly.EduDictionary", "{F5078082-AC9C-0D30-B8C0-6DB6596B8F74}"
EndProject
Project("{FAE04EC0-301F-11D3-BF4B-00C04F79EFBC}") = "Enrolly.EduDictionary.Domain", "src\Services\Enrolly.EduDictionary\Enrolly.EduDictionary.Domain\Enrolly.EduDictionary.Domain.csproj", "{7D3B8D0F-0125-44B1-AAA1-5DC847A28A3E}"
EndProject
Project("{2150E333-8FDC-42A3-9474-1A3956D46DE8}") = "Enrolly.Notifications", "Enrolly.Notifications", "{5AF0C095-FB1A-4A4D-FA60-0D94BDCD2966}"
EndProject
Project("{FAE04EC0-301F-11D3-BF4B-00C04F79EFBC}") = "Enrolly.Notifications", "src\Services\Enrolly.Notifications\Enrolly.Notifications\Enrolly.Notifications.csproj", "{33293A2D-2274-4361-BFA3-B1E20BE0603B}"
EndProject
Project("{FAE04EC0-301F-11D3-BF4B-00C04F79EFBC}") = "Enrolly.Accounts.Presentation", "src\Services\Enrolly.Accounts\Enrolly.Accounts.Presentation\Enrolly.Accounts.Presentation.csproj", "{08F9575F-69AD-477A-B3C3-47FA50AB00D5}"
EndProject
Project("{2150E333-8FDC-42A3-9474-1A3956D46DE8}") = "Gateways", "Gateways", "{CBE535C5-B51A-60E9-4D99-AC1BFAA908A1}"
EndProject
Project("{2150E333-8FDC-42A3-9474-1A3956D46DE8}") = "Enrolly.APIGateway", "Enrolly.APIGateway", "{639B2B7D-12C6-5AB4-0B47-BFEC04059750}"
EndProject
Project("{FAE04EC0-301F-11D3-BF4B-00C04F79EFBC}") = "Enrolly.ApiGateway", "src\Gateways\Enrolly.APIGateway\Enrolly.ApiGateway\Enrolly.ApiGateway.csproj", "{88F5BB21-827C-46BA-BDF0-890E12341340}"
EndProject
Project("{2150E333-8FDC-42A3-9474-1A3956D46DE8}") = "Enrolly.Documents", "Enrolly.Documents", "{304BC439-6B10-89FE-9FF7-1600E91DE64C}"
	ProjectSection(SolutionItems) = preProject
		src\Services\Enrolly.Documents\Enrolly.Documents.README.md = src\Services\Enrolly.Documents\Enrolly.Documents.README.md
	EndProjectSection
EndProject
Project("{FAE04EC0-301F-11D3-BF4B-00C04F79EFBC}") = "Enrolly.Documents.Presentation", "src\Services\Enrolly.Documents\Enrolly.Documents.Presentation\Enrolly.Documents.Presentation.csproj", "{1E869F9F-F8F4-45CF-99C6-6B1E0FE57E6B}"
EndProject
Project("{FAE04EC0-301F-11D3-BF4B-00C04F79EFBC}") = "Enrolly.Accounts.Infrastructure", "src\Services\Enrolly.Accounts\Enrolly.Accounts.Infrastructure\Enrolly.Accounts.Infrastructure.csproj", "{E5754F59-AEDE-4C05-A99C-63AB40C81715}"
EndProject
Project("{FAE04EC0-301F-11D3-BF4B-00C04F79EFBC}") = "Enrolly.Accounts.Application", "src\Services\Enrolly.Accounts\Enrolly.Accounts.Application\Enrolly.Accounts.Application.csproj", "{3B45C937-270A-404A-9C2A-6A8B008C6F91}"
EndProject
Project("{FAE04EC0-301F-11D3-BF4B-00C04F79EFBC}") = "Enrolly.EduDictionary.Presentation", "src\Services\Enrolly.EduDictionary\Enrolly.EduDictionary.Presentation\Enrolly.EduDictionary.Presentation.csproj", "{938A7CA3-DD48-4C07-BE29-9EAD45F1D930}"
EndProject
Project("{FAE04EC0-301F-11D3-BF4B-00C04F79EFBC}") = "DictionaryWorker", "src\Services\Enrolly.EduDictionary\DictionaryWorker\DictionaryWorker.csproj", "{01923BD0-18AB-44D1-A124-F17DFB461A03}"
EndProject
Project("{FAE04EC0-301F-11D3-BF4B-00C04F79EFBC}") = "Enrolly.EduDictionary.Application", "src\Services\Enrolly.EduDictionary\Enrolly.EduDictionary.Application\Enrolly.EduDictionary.Application.csproj", "{0D86F772-B774-4F58-9306-B6A9CC995037}"
EndProject
Project("{2150E333-8FDC-42A3-9474-1A3956D46DE8}") = "Shared", "Shared", "{C8E42992-5E42-0C2B-DBFE-AA848D06431C}"
EndProject
Project("{FAE04EC0-301F-11D3-BF4B-00C04F79EFBC}") = "Enrolly.Shared", "src\Shared\Enrolly.Shared\Enrolly.Shared.csproj", "{1011860C-7584-465A-A097-DD6FF548D0CC}"
EndProject
Project("{FAE04EC0-301F-11D3-BF4B-00C04F79EFBC}") = "Enrolly.Documents.Infrastructure", "src\Services\Enrolly.Documents\Enrolly.Documents.Infrastructure\Enrolly.Documents.Infrastructure.csproj", "{83D08A89-D4D2-43E6-A52D-64BBBFEF5696}"
EndProject
Project("{FAE04EC0-301F-11D3-BF4B-00C04F79EFBC}") = "Enrolly.Documents.Domain", "src\Services\Enrolly.Documents\Enrolly.Documents.Domain\Enrolly.Documents.Domain.csproj", "{E8ECB703-B7B6-4E02-89B5-58F24992BA4F}"
EndProject
Project("{FAE04EC0-301F-11D3-BF4B-00C04F79EFBC}") = "Enrolly.Documents.Application", "src\Services\Enrolly.Documents\Enrolly.Documents.Application\Enrolly.Documents.Application.csproj", "{BB0CCFF8-766C-42A9-BFA7-70AE0B1C19A6}"
EndProject
Project("{FAE04EC0-301F-11D3-BF4B-00C04F79EFBC}") = "Enrolly.Contracts", "src\Shared\Enrolly.Contracts\Enrolly.Contracts.csproj", "{FAB77E7D-1053-46F9-8946-B8D365B1C6E7}"
EndProject
Global
	GlobalSection(SolutionConfigurationPlatforms) = preSolution
		Debug|Any CPU = Debug|Any CPU
		Debug|x64 = Debug|x64
		Debug|x86 = Debug|x86
		Release|Any CPU = Release|Any CPU
		Release|x64 = Release|x64
		Release|x86 = Release|x86
	EndGlobalSection
	GlobalSection(ProjectConfigurationPlatforms) = postSolution
		{100321F8-A67D-4D43-B1DF-43C24D3E9D61}.Debug|Any CPU.ActiveCfg = Debug|Any CPU
		{100321F8-A67D-4D43-B1DF-43C24D3E9D61}.Debug|Any CPU.Build.0 = Debug|Any CPU
		{100321F8-A67D-4D43-B1DF-43C24D3E9D61}.Debug|x64.ActiveCfg = Debug|Any CPU
		{100321F8-A67D-4D43-B1DF-43C24D3E9D61}.Debug|x64.Build.0 = Debug|Any CPU
		{100321F8-A67D-4D43-B1DF-43C24D3E9D61}.Debug|x86.ActiveCfg = Debug|Any CPU
		{100321F8-A67D-4D43-B1DF-43C24D3E9D61}.Debug|x86.Build.0 = Debug|Any CPU
		{100321F8-A67D-4D43-B1DF-43C24D3E9D61}.Release|Any CPU.ActiveCfg = Release|Any CPU
		{100321F8-A67D-4D43-B1DF-43C24D3E9D61}.Release|Any CPU.Build.0 = Release|Any CPU
		{100321F8-A67D-4D43-B1DF-43C24D3E9D61}.Release|x64.ActiveCfg = Release|Any CPU
		{100321F8-A67D-4D43-B1DF-43C24D3E9D61}.Release|x64.Build.0 = Release|Any CPU
		{100321F8-A67D-4D43-B1DF-43C24D3E9D61}.Release|x86.ActiveCfg = Release|Any CPU
		{100321F8-A67D-4D43-B1DF-43C24D3E9D61}.Release|x86.Build.0 = Release|Any CPU
		{7BCE2B1D-4618-4DF8-B68A-816ED51463BC}.Debug|Any CPU.ActiveCfg = Debug|Any CPU
		{7BCE2B1D-4618-4DF8-B68A-816ED51463BC}.Debug|Any CPU.Build.0 = Debug|Any CPU
		{7BCE2B1D-4618-4DF8-B68A-816ED51463BC}.Debug|x64.ActiveCfg = Debug|Any CPU
		{7BCE2B1D-4618-4DF8-B68A-816ED51463BC}.Debug|x64.Build.0 = Debug|Any CPU
		{7BCE2B1D-4618-4DF8-B68A-816ED51463BC}.Debug|x86.ActiveCfg = Debug|Any CPU
		{7BCE2B1D-4618-4DF8-B68A-816ED51463BC}.Debug|x86.Build.0 = Debug|Any CPU
		{7BCE2B1D-4618-4DF8-B68A-816ED51463BC}.Release|Any CPU.ActiveCfg = Release|Any CPU
		{7BCE2B1D-4618-4DF8-B68A-816ED51463BC}.Release|Any CPU.Build.0 = Release|Any CPU
		{7BCE2B1D-4618-4DF8-B68A-816ED51463BC}.Release|x64.ActiveCfg = Release|Any CPU
		{7BCE2B1D-4618-4DF8-B68A-816ED51463BC}.Release|x64.Build.0 = Release|Any CPU
		{7BCE2B1D-4618-4DF8-B68A-816ED51463BC}.Release|x86.ActiveCfg = Release|Any CPU
		{7BCE2B1D-4618-4DF8-B68A-816ED51463BC}.Release|x86.Build.0 = Release|Any CPU
		{01B4EF23-FF4E-4C3F-8BE3-32B1473D9DA4}.Debug|Any CPU.ActiveCfg = Debug|Any CPU
		{01B4EF23-FF4E-4C3F-8BE3-32B1473D9DA4}.Debug|Any CPU.Build.0 = Debug|Any CPU
		{01B4EF23-FF4E-4C3F-8BE3-32B1473D9DA4}.Debug|x64.ActiveCfg = Debug|Any CPU
		{01B4EF23-FF4E-4C3F-8BE3-32B1473D9DA4}.Debug|x64.Build.0 = Debug|Any CPU
		{01B4EF23-FF4E-4C3F-8BE3-32B1473D9DA4}.Debug|x86.ActiveCfg = Debug|Any CPU
		{01B4EF23-FF4E-4C3F-8BE3-32B1473D9DA4}.Debug|x86.Build.0 = Debug|Any CPU
		{01B4EF23-FF4E-4C3F-8BE3-32B1473D9DA4}.Release|Any CPU.ActiveCfg = Release|Any CPU
		{01B4EF23-FF4E-4C3F-8BE3-32B1473D9DA4}.Release|Any CPU.Build.0 = Release|Any CPU
		{01B4EF23-FF4E-4C3F-8BE3-32B1473D9DA4}.Release|x64.ActiveCfg = Release|Any CPU
		{01B4EF23-FF4E-4C3F-8BE3-32B1473D9DA4}.Release|x64.Build.0 = Release|Any CPU
		{01B4EF23-FF4E-4C3F-8BE3-32B1473D9DA4}.Release|x86.ActiveCfg = Release|Any CPU
		{01B4EF23-FF4E-4C3F-8BE3-32B1473D9DA4}.Release|x86.Build.0 = Release|Any CPU
		{D725B65D-2FC2-4A05-B2FF-A2BD336988F3}.Debug|Any CPU.ActiveCfg = Debug|Any CPU
		{D725B65D-2FC2-4A05-B2FF-A2BD336988F3}.Debug|Any CPU.Build.0 = Debug|Any CPU
		{D725B65D-2FC2-4A05-B2FF-A2BD336988F3}.Debug|x64.ActiveCfg = Debug|Any CPU
		{D725B65D-2FC2-4A05-B2FF-A2BD336988F3}.Debug|x64.Build.0 = Debug|Any CPU
		{D725B65D-2FC2-4A05-B2FF-A2BD336988F3}.Debug|x86.ActiveCfg = Debug|Any CPU
		{D725B65D-2FC2-4A05-B2FF-A2BD336988F3}.Debug|x86.Build.0 = Debug|Any CPU
		{D725B65D-2FC2-4A05-B2FF-A2BD336988F3}.Release|Any CPU.ActiveCfg = Release|Any CPU
		{D725B65D-2FC2-4A05-B2FF-A2BD336988F3}.Release|Any CPU.Build.0 = Release|Any CPU
		{D725B65D-2FC2-4A05-B2FF-A2BD336988F3}.Release|x64.ActiveCfg = Release|Any CPU
		{D725B65D-2FC2-4A05-B2FF-A2BD336988F3}.Release|x64.Build.0 = Release|Any CPU
		{D725B65D-2FC2-4A05-B2FF-A2BD336988F3}.Release|x86.ActiveCfg = Release|Any CPU
		{D725B65D-2FC2-4A05-B2FF-A2BD336988F3}.Release|x86.Build.0 = Release|Any CPU
		{8BD9311A-3A11-42BE-887A-C7223306C235}.Debug|Any CPU.ActiveCfg = Debug|Any CPU
		{8BD9311A-3A11-42BE-887A-C7223306C235}.Debug|Any CPU.Build.0 = Debug|Any CPU
		{8BD9311A-3A11-42BE-887A-C7223306C235}.Debug|x64.ActiveCfg = Debug|Any CPU
		{8BD9311A-3A11-42BE-887A-C7223306C235}.Debug|x64.Build.0 = Debug|Any CPU
		{8BD9311A-3A11-42BE-887A-C7223306C235}.Debug|x86.ActiveCfg = Debug|Any CPU
		{8BD9311A-3A11-42BE-887A-C7223306C235}.Debug|x86.Build.0 = Debug|Any CPU
		{8BD9311A-3A11-42BE-887A-C7223306C235}.Release|Any CPU.ActiveCfg = Release|Any CPU
		{8BD9311A-3A11-42BE-887A-C7223306C235}.Release|Any CPU.Build.0 = Release|Any CPU
		{8BD9311A-3A11-42BE-887A-C7223306C235}.Release|x64.ActiveCfg = Release|Any CPU
		{8BD9311A-3A11-42BE-887A-C7223306C235}.Release|x64.Build.0 = Release|Any CPU
		{8BD9311A-3A11-42BE-887A-C7223306C235}.Release|x86.ActiveCfg = Release|Any CPU
		{8BD9311A-3A11-42BE-887A-C7223306C235}.Release|x86.Build.0 = Release|Any CPU
		{506FEEBA-B806-453D-BC5A-57C033AD1A7E}.Debug|Any CPU.ActiveCfg = Debug|Any CPU
		{506FEEBA-B806-453D-BC5A-57C033AD1A7E}.Debug|Any CPU.Build.0 = Debug|Any CPU
		{506FEEBA-B806-453D-BC5A-57C033AD1A7E}.Debug|x64.ActiveCfg = Debug|Any CPU
		{506FEEBA-B806-453D-BC5A-57C033AD1A7E}.Debug|x64.Build.0 = Debug|Any CPU
		{506FEEBA-B806-453D-BC5A-57C033AD1A7E}.Debug|x86.ActiveCfg = Debug|Any CPU
		{506FEEBA-B806-453D-BC5A-57C033AD1A7E}.Debug|x86.Build.0 = Debug|Any CPU
		{506FEEBA-B806-453D-BC5A-57C033AD1A7E}.Release|Any CPU.ActiveCfg = Release|Any CPU
		{506FEEBA-B806-453D-BC5A-57C033AD1A7E}.Release|Any CPU.Build.0 = Release|Any CPU
		{506FEEBA-B806-453D-BC5A-57C033AD1A7E}.Release|x64.ActiveCfg = Release|Any CPU
		{506FEEBA-B806-453D-BC5A-57C033AD1A7E}.Release|x64.Build.0 = Release|Any CPU
		{506FEEBA-B806-453D-BC5A-57C033AD1A7E}.Release|x86.ActiveCfg = Release|Any CPU
		{506FEEBA-B806-453D-BC5A-57C033AD1A7E}.Release|x86.Build.0 = Release|Any CPU
		{7D3B8D0F-0125-44B1-AAA1-5DC847A28A3E}.Debug|Any CPU.ActiveCfg = Debug|Any CPU
		{7D3B8D0F-0125-44B1-AAA1-5DC847A28A3E}.Debug|Any CPU.Build.0 = Debug|Any CPU
		{7D3B8D0F-0125-44B1-AAA1-5DC847A28A3E}.Debug|x64.ActiveCfg = Debug|Any CPU
		{7D3B8D0F-0125-44B1-AAA1-5DC847A28A3E}.Debug|x64.Build.0 = Debug|Any CPU
		{7D3B8D0F-0125-44B1-AAA1-5DC847A28A3E}.Debug|x86.ActiveCfg = Debug|Any CPU
		{7D3B8D0F-0125-44B1-AAA1-5DC847A28A3E}.Debug|x86.Build.0 = Debug|Any CPU
		{7D3B8D0F-0125-44B1-AAA1-5DC847A28A3E}.Release|Any CPU.ActiveCfg = Release|Any CPU
		{7D3B8D0F-0125-44B1-AAA1-5DC847A28A3E}.Release|Any CPU.Build.0 = Release|Any CPU
		{7D3B8D0F-0125-44B1-AAA1-5DC847A28A3E}.Release|x64.ActiveCfg = Release|Any CPU
		{7D3B8D0F-0125-44B1-AAA1-5DC847A28A3E}.Release|x64.Build.0 = Release|Any CPU
		{7D3B8D0F-0125-44B1-AAA1-5DC847A28A3E}.Release|x86.ActiveCfg = Release|Any CPU
		{7D3B8D0F-0125-44B1-AAA1-5DC847A28A3E}.Release|x86.Build.0 = Release|Any CPU
		{33293A2D-2274-4361-BFA3-B1E20BE0603B}.Debug|Any CPU.ActiveCfg = Debug|Any CPU
		{33293A2D-2274-4361-BFA3-B1E20BE0603B}.Debug|Any CPU.Build.0 = Debug|Any CPU
		{33293A2D-2274-4361-BFA3-B1E20BE0603B}.Debug|x64.ActiveCfg = Debug|Any CPU
		{33293A2D-2274-4361-BFA3-B1E20BE0603B}.Debug|x64.Build.0 = Debug|Any CPU
		{33293A2D-2274-4361-BFA3-B1E20BE0603B}.Debug|x86.ActiveCfg = Debug|Any CPU
		{33293A2D-2274-4361-BFA3-B1E20BE0603B}.Debug|x86.Build.0 = Debug|Any CPU
		{33293A2D-2274-4361-BFA3-B1E20BE0603B}.Release|Any CPU.ActiveCfg = Release|Any CPU
		{33293A2D-2274-4361-BFA3-B1E20BE0603B}.Release|Any CPU.Build.0 = Release|Any CPU
		{33293A2D-2274-4361-BFA3-B1E20BE0603B}.Release|x64.ActiveCfg = Release|Any CPU
		{33293A2D-2274-4361-BFA3-B1E20BE0603B}.Release|x64.Build.0 = Release|Any CPU
		{33293A2D-2274-4361-BFA3-B1E20BE0603B}.Release|x86.ActiveCfg = Release|Any CPU
		{33293A2D-2274-4361-BFA3-B1E20BE0603B}.Release|x86.Build.0 = Release|Any CPU
		{08F9575F-69AD-477A-B3C3-47FA50AB00D5}.Debug|Any CPU.ActiveCfg = Debug|Any CPU
		{08F9575F-69AD-477A-B3C3-47FA50AB00D5}.Debug|Any CPU.Build.0 = Debug|Any CPU
		{08F9575F-69AD-477A-B3C3-47FA50AB00D5}.Debug|x64.ActiveCfg = Debug|Any CPU
		{08F9575F-69AD-477A-B3C3-47FA50AB00D5}.Debug|x64.Build.0 = Debug|Any CPU
		{08F9575F-69AD-477A-B3C3-47FA50AB00D5}.Debug|x86.ActiveCfg = Debug|Any CPU
		{08F9575F-69AD-477A-B3C3-47FA50AB00D5}.Debug|x86.Build.0 = Debug|Any CPU
		{08F9575F-69AD-477A-B3C3-47FA50AB00D5}.Release|Any CPU.ActiveCfg = Release|Any CPU
		{08F9575F-69AD-477A-B3C3-47FA50AB00D5}.Release|Any CPU.Build.0 = Release|Any CPU
		{08F9575F-69AD-477A-B3C3-47FA50AB00D5}.Release|x64.ActiveCfg = Release|Any CPU
		{08F9575F-69AD-477A-B3C3-47FA50AB00D5}.Release|x64.Build.0 = Release|Any CPU
		{08F9575F-69AD-477A-B3C3-47FA50AB00D5}.Release|x86.ActiveCfg = Release|Any CPU
		{08F9575F-69AD-477A-B3C3-47FA50AB00D5}.Release|x86.Build.0 = Release|Any CPU
		{88F5BB21-827C-46BA-BDF0-890E12341340}.Debug|Any CPU.ActiveCfg = Debug|Any CPU
		{88F5BB21-827C-46BA-BDF0-890E12341340}.Debug|Any CPU.Build.0 = Debug|Any CPU
		{88F5BB21-827C-46BA-BDF0-890E12341340}.Debug|x64.ActiveCfg = Debug|Any CPU
		{88F5BB21-827C-46BA-BDF0-890E12341340}.Debug|x64.Build.0 = Debug|Any CPU
		{88F5BB21-827C-46BA-BDF0-890E12341340}.Debug|x86.ActiveCfg = Debug|Any CPU
		{88F5BB21-827C-46BA-BDF0-890E12341340}.Debug|x86.Build.0 = Debug|Any CPU
		{88F5BB21-827C-46BA-BDF0-890E12341340}.Release|Any CPU.ActiveCfg = Release|Any CPU
		{88F5BB21-827C-46BA-BDF0-890E12341340}.Release|Any CPU.Build.0 = Release|Any CPU
		{88F5BB21-827C-46BA-BDF0-890E12341340}.Release|x64.ActiveCfg = Release|Any CPU
		{88F5BB21-827C-46BA-BDF0-890E12341340}.Release|x64.Build.0 = Release|Any CPU
		{88F5BB21-827C-46BA-BDF0-890E12341340}.Release|x86.ActiveCfg = Release|Any CPU
		{88F5BB21-827C-46BA-BDF0-890E12341340}.Release|x86.Build.0 = Release|Any CPU
		{1E869F9F-F8F4-45CF-99C6-6B1E0FE57E6B}.Debug|Any CPU.ActiveCfg = Debug|Any CPU
		{1E869F9F-F8F4-45CF-99C6-6B1E0FE57E6B}.Debug|Any CPU.Build.0 = Debug|Any CPU
		{1E869F9F-F8F4-45CF-99C6-6B1E0FE57E6B}.Debug|x64.ActiveCfg = Debug|Any CPU
		{1E869F9F-F8F4-45CF-99C6-6B1E0FE57E6B}.Debug|x64.Build.0 = Debug|Any CPU
		{1E869F9F-F8F4-45CF-99C6-6B1E0FE57E6B}.Debug|x86.ActiveCfg = Debug|Any CPU
		{1E869F9F-F8F4-45CF-99C6-6B1E0FE57E6B}.Debug|x86.Build.0 = Debug|Any CPU
		{1E869F9F-F8F4-45CF-99C6-6B1E0FE57E6B}.Release|Any CPU.ActiveCfg = Release|Any CPU
		{1E869F9F-F8F4-45CF-99C6-6B1E0FE57E6B}.Release|Any CPU.Build.0 = Release|Any CPU
		{1E869F9F-F8F4-45CF-99C6-6B1E0FE57E6B}.Release|x64.ActiveCfg = Release|Any CPU
		{1E869F9F-F8F4-45CF-99C6-6B1E0FE57E6B}.Release|x64.Build.0 = Release|Any CPU
		{1E869F9F-F8F4-45CF-99C6-6B1E0FE57E6B}.Release|x86.ActiveCfg = Release|Any CPU
		{1E869F9F-F8F4-45CF-99C6-6B1E0FE57E6B}.Release|x86.Build.0 = Release|Any CPU
		{E5754F59-AEDE-4C05-A99C-63AB40C81715}.Debug|Any CPU.ActiveCfg = Debug|Any CPU
		{E5754F59-AEDE-4C05-A99C-63AB40C81715}.Debug|Any CPU.Build.0 = Debug|Any CPU
		{E5754F59-AEDE-4C05-A99C-63AB40C81715}.Debug|x64.ActiveCfg = Debug|Any CPU
		{E5754F59-AEDE-4C05-A99C-63AB40C81715}.Debug|x64.Build.0 = Debug|Any CPU
		{E5754F59-AEDE-4C05-A99C-63AB40C81715}.Debug|x86.ActiveCfg = Debug|Any CPU
		{E5754F59-AEDE-4C05-A99C-63AB40C81715}.Debug|x86.Build.0 = Debug|Any CPU
		{E5754F59-AEDE-4C05-A99C-63AB40C81715}.Release|Any CPU.ActiveCfg = Release|Any CPU
		{E5754F59-AEDE-4C05-A99C-63AB40C81715}.Release|Any CPU.Build.0 = Release|Any CPU
		{E5754F59-AEDE-4C05-A99C-63AB40C81715}.Release|x64.ActiveCfg = Release|Any CPU
		{E5754F59-AEDE-4C05-A99C-63AB40C81715}.Release|x64.Build.0 = Release|Any CPU
		{E5754F59-AEDE-4C05-A99C-63AB40C81715}.Release|x86.ActiveCfg = Release|Any CPU
		{E5754F59-AEDE-4C05-A99C-63AB40C81715}.Release|x86.Build.0 = Release|Any CPU
		{3B45C937-270A-404A-9C2A-6A8B008C6F91}.Debug|Any CPU.ActiveCfg = Debug|Any CPU
		{3B45C937-270A-404A-9C2A-6A8B008C6F91}.Debug|Any CPU.Build.0 = Debug|Any CPU
		{3B45C937-270A-404A-9C2A-6A8B008C6F91}.Debug|x64.ActiveCfg = Debug|Any CPU
		{3B45C937-270A-404A-9C2A-6A8B008C6F91}.Debug|x64.Build.0 = Debug|Any CPU
		{3B45C937-270A-404A-9C2A-6A8B008C6F91}.Debug|x86.ActiveCfg = Debug|Any CPU
		{3B45C937-270A-404A-9C2A-6A8B008C6F91}.Debug|x86.Build.0 = Debug|Any CPU
		{3B45C937-270A-404A-9C2A-6A8B008C6F91}.Release|Any CPU.ActiveCfg = Release|Any CPU
		{3B45C937-270A-404A-9C2A-6A8B008C6F91}.Release|Any CPU.Build.0 = Release|Any CPU
		{3B45C937-270A-404A-9C2A-6A8B008C6F91}.Release|x64.ActiveCfg = Release|Any CPU
		{3B45C937-270A-404A-9C2A-6A8B008C6F91}.Release|x64.Build.0 = Release|Any CPU
		{3B45C937-270A-404A-9C2A-6A8B008C6F91}.Release|x86.ActiveCfg = Release|Any CPU
		{3B45C937-270A-404A-9C2A-6A8B008C6F91}.Release|x86.Build.0 = Release|Any CPU
		{938A7CA3-DD48-4C07-BE29-9EAD45F1D930}.Debug|Any CPU.ActiveCfg = Debug|Any CPU
		{938A7CA3-DD48-4C07-BE29-9EAD45F1D930}.Debug|Any CPU.Build.0 = Debug|Any CPU
		{938A7CA3-DD48-4C07-BE29-9EAD45F1D930}.Debug|x64.ActiveCfg = Debug|Any CPU
		{938A7CA3-DD48-4C07-BE29-9EAD45F1D930}.Debug|x64.Build.0 = Debug|Any CPU
		{938A7CA3-DD48-4C07-BE29-9EAD45F1D930}.Debug|x86.ActiveCfg = Debug|Any CPU
		{938A7CA3-DD48-4C07-BE29-9EAD45F1D930}.Debug|x86.Build.0 = Debug|Any CPU
		{938A7CA3-DD48-4C07-BE29-9EAD45F1D930}.Release|Any CPU.ActiveCfg = Release|Any CPU
		{938A7CA3-DD48-4C07-BE29-9EAD45F1D930}.Release|Any CPU.Build.0 = Release|Any CPU
		{938A7CA3-DD48-4C07-BE29-9EAD45F1D930}.Release|x64.ActiveCfg = Release|Any CPU
		{938A7CA3-DD48-4C07-BE29-9EAD45F1D930}.Release|x64.Build.0 = Release|Any CPU
		{938A7CA3-DD48-4C07-BE29-9EAD45F1D930}.Release|x86.ActiveCfg = Release|Any CPU
		{938A7CA3-DD48-4C07-BE29-9EAD45F1D930}.Release|x86.Build.0 = Release|Any CPU
		{01923BD0-18AB-44D1-A124-F17DFB461A03}.Debug|Any CPU.ActiveCfg = Debug|Any CPU
		{01923BD0-18AB-44D1-A124-F17DFB461A03}.Debug|Any CPU.Build.0 = Debug|Any CPU
		{01923BD0-18AB-44D1-A124-F17DFB461A03}.Debug|x64.ActiveCfg = Debug|Any CPU
		{01923BD0-18AB-44D1-A124-F17DFB461A03}.Debug|x64.Build.0 = Debug|Any CPU
		{01923BD0-18AB-44D1-A124-F17DFB461A03}.Debug|x86.ActiveCfg = Debug|Any CPU
		{01923BD0-18AB-44D1-A124-F17DFB461A03}.Debug|x86.Build.0 = Debug|Any CPU
		{01923BD0-18AB-44D1-A124-F17DFB461A03}.Release|Any CPU.ActiveCfg = Release|Any CPU
		{01923BD0-18AB-44D1-A124-F17DFB461A03}.Release|Any CPU.Build.0 = Release|Any CPU
		{01923BD0-18AB-44D1-A124-F17DFB461A03}.Release|x64.ActiveCfg = Release|Any CPU
		{01923BD0-18AB-44D1-A124-F17DFB461A03}.Release|x64.Build.0 = Release|Any CPU
		{01923BD0-18AB-44D1-A124-F17DFB461A03}.Release|x86.ActiveCfg = Release|Any CPU
		{01923BD0-18AB-44D1-A124-F17DFB461A03}.Release|x86.Build.0 = Release|Any CPU
		{0D86F772-B774-4F58-9306-B6A9CC995037}.Debug|Any CPU.ActiveCfg = Debug|Any CPU
		{0D86F772-B774-4F58-9306-B6A9CC995037}.Debug|Any CPU.Build.0 = Debug|Any CPU
		{0D86F772-B774-4F58-9306-B6A9CC995037}.Debug|x64.ActiveCfg = Debug|Any CPU
		{0D86F772-B774-4F58-9306-B6A9CC995037}.Debug|x64.Build.0 = Debug|Any CPU
		{0D86F772-B774-4F58-9306-B6A9CC995037}.Debug|x86.ActiveCfg = Debug|Any CPU
		{0D86F772-B774-4F58-9306-B6A9CC995037}.Debug|x86.Build.0 = Debug|Any CPU
		{0D86F772-B774-4F58-9306-B6A9CC995037}.Release|Any CPU.ActiveCfg = Release|Any CPU
		{0D86F772-B774-4F58-9306-B6A9CC995037}.Release|Any CPU.Build.0 = Release|Any CPU
		{0D86F772-B774-4F58-9306-B6A9CC995037}.Release|x64.ActiveCfg = Release|Any CPU
		{0D86F772-B774-4F58-9306-B6A9CC995037}.Release|x64.Build.0 = Release|Any CPU
		{0D86F772-B774-4F58-9306-B6A9CC995037}.Release|x86.ActiveCfg = Release|Any CPU
		{0D86F772-B774-4F58-9306-B6A9CC995037}.Release|x86.Build.0 = Release|Any CPU
		{1011860C-7584-465A-A097-DD6FF548D0CC}.Debug|Any CPU.ActiveCfg = Debug|Any CPU
		{1011860C-7584-465A-A097-DD6FF548D0CC}.Debug|Any CPU.Build.0 = Debug|Any CPU
		{1011860C-7584-465A-A097-DD6FF548D0CC}.Debug|x64.ActiveCfg = Debug|Any CPU
		{1011860C-7584-465A-A097-DD6FF548D0CC}.Debug|x64.Build.0 = Debug|Any CPU
		{1011860C-7584-465A-A097-DD6FF548D0CC}.Debug|x86.ActiveCfg = Debug|Any CPU
		{1011860C-7584-465A-A097-DD6FF548D0CC}.Debug|x86.Build.0 = Debug|Any CPU
		{1011860C-7584-465A-A097-DD6FF548D0CC}.Release|Any CPU.ActiveCfg = Release|Any CPU
		{1011860C-7584-465A-A097-DD6FF548D0CC}.Release|Any CPU.Build.0 = Release|Any CPU
		{1011860C-7584-465A-A097-DD6FF548D0CC}.Release|x64.ActiveCfg = Release|Any CPU
		{1011860C-7584-465A-A097-DD6FF548D0CC}.Release|x64.Build.0 = Release|Any CPU
		{1011860C-7584-465A-A097-DD6FF548D0CC}.Release|x86.ActiveCfg = Release|Any CPU
		{1011860C-7584-465A-A097-DD6FF548D0CC}.Release|x86.Build.0 = Release|Any CPU
		{83D08A89-D4D2-43E6-A52D-64BBBFEF5696}.Debug|Any CPU.ActiveCfg = Debug|Any CPU
		{83D08A89-D4D2-43E6-A52D-64BBBFEF5696}.Debug|Any CPU.Build.0 = Debug|Any CPU
		{83D08A89-D4D2-43E6-A52D-64BBBFEF5696}.Debug|x64.ActiveCfg = Debug|Any CPU
		{83D08A89-D4D2-43E6-A52D-64BBBFEF5696}.Debug|x64.Build.0 = Debug|Any CPU
		{83D08A89-D4D2-43E6-A52D-64BBBFEF5696}.Debug|x86.ActiveCfg = Debug|Any CPU
		{83D08A89-D4D2-43E6-A52D-64BBBFEF5696}.Debug|x86.Build.0 = Debug|Any CPU
		{83D08A89-D4D2-43E6-A52D-64BBBFEF5696}.Release|Any CPU.ActiveCfg = Release|Any CPU
		{83D08A89-D4D2-43E6-A52D-64BBBFEF5696}.Release|Any CPU.Build.0 = Release|Any CPU
		{83D08A89-D4D2-43E6-A52D-64BBBFEF5696}.Release|x64.ActiveCfg = Release|Any CPU
		{83D08A89-D4D2-43E6-A52D-64BBBFEF5696}.Release|x64.Build.0 = Release|Any CPU
		{83D08A89-D4D2-43E6-A52D-64BBBFEF5696}.Release|x86.ActiveCfg = Release|Any CPU
		{83D08A89-D4D2-43E6-A52D-64BBBFEF5696}.Release|x86.Build.0 = Release|Any CPU
		{E8ECB703-B7B6-4E02-89B5-58F24992BA4F}.Debug|Any CPU.ActiveCfg = Debug|Any CPU
		{E8ECB703-B7B6-4E02-89B5-58F24992BA4F}.Debug|Any CPU.Build.0 = Debug|Any CPU
		{E8ECB703-B7B6-4E02-89B5-58F24992BA4F}.Debug|x64.ActiveCfg = Debug|Any CPU
		{E8ECB703-B7B6-4E02-89B5-58F24992BA4F}.Debug|x64.Build.0 = Debug|Any CPU
		{E8ECB703-B7B6-4E02-89B5-58F24992BA4F}.Debug|x86.ActiveCfg = Debug|Any CPU
		{E8ECB703-B7B6-4E02-89B5-58F24992BA4F}.Debug|x86.Build.0 = Debug|Any CPU
		{E8ECB703-B7B6-4E02-89B5-58F24992BA4F}.Release|Any CPU.ActiveCfg = Release|Any CPU
		{E8ECB703-B7B6-4E02-89B5-58F24992BA4F}.Release|Any CPU.Build.0 = Release|Any CPU
		{E8ECB703-B7B6-4E02-89B5-58F24992BA4F}.Release|x64.ActiveCfg = Release|Any CPU
		{E8ECB703-B7B6-4E02-89B5-58F24992BA4F}.Release|x64.Build.0 = Release|Any CPU
		{E8ECB703-B7B6-4E02-89B5-58F24992BA4F}.Release|x86.ActiveCfg = Release|Any CPU
		{E8ECB703-B7B6-4E02-89B5-58F24992BA4F}.Release|x86.Build.0 = Release|Any CPU
		{BB0CCFF8-766C-42A9-BFA7-70AE0B1C19A6}.Debug|Any CPU.ActiveCfg = Debug|Any CPU
		{BB0CCFF8-766C-42A9-BFA7-70AE0B1C19A6}.Debug|Any CPU.Build.0 = Debug|Any CPU
		{BB0CCFF8-766C-42A9-BFA7-70AE0B1C19A6}.Debug|x64.ActiveCfg = Debug|Any CPU
		{BB0CCFF8-766C-42A9-BFA7-70AE0B1C19A6}.Debug|x64.Build.0 = Debug|Any CPU
		{BB0CCFF8-766C-42A9-BFA7-70AE0B1C19A6}.Debug|x86.ActiveCfg = Debug|Any CPU
		{BB0CCFF8-766C-42A9-BFA7-70AE0B1C19A6}.Debug|x86.Build.0 = Debug|Any CPU
		{BB0CCFF8-766C-42A9-BFA7-70AE0B1C19A6}.Release|Any CPU.ActiveCfg = Release|Any CPU
		{BB0CCFF8-766C-42A9-BFA7-70AE0B1C19A6}.Release|Any CPU.Build.0 = Release|Any CPU
		{BB0CCFF8-766C-42A9-BFA7-70AE0B1C19A6}.Release|x64.ActiveCfg = Release|Any CPU
		{BB0CCFF8-766C-42A9-BFA7-70AE0B1C19A6}.Release|x64.Build.0 = Release|Any CPU
		{BB0CCFF8-766C-42A9-BFA7-70AE0B1C19A6}.Release|x86.ActiveCfg = Release|Any CPU
		{BB0CCFF8-766C-42A9-BFA7-70AE0B1C19A6}.Release|x86.Build.0 = Release|Any CPU
		{FAB77E7D-1053-46F9-8946-B8D365B1C6E7}.Debug|Any CPU.ActiveCfg = Debug|Any CPU
		{FAB77E7D-1053-46F9-8946-B8D365B1C6E7}.Debug|Any CPU.Build.0 = Debug|Any CPU
		{FAB77E7D-1053-46F9-8946-B8D365B1C6E7}.Debug|x64.ActiveCfg = Debug|Any CPU
		{FAB77E7D-1053-46F9-8946-B8D365B1C6E7}.Debug|x64.Build.0 = Debug|Any CPU
		{FAB77E7D-1053-46F9-8946-B8D365B1C6E7}.Debug|x86.ActiveCfg = Debug|Any CPU
		{FAB77E7D-1053-46F9-8946-B8D365B1C6E7}.Debug|x86.Build.0 = Debug|Any CPU
		{FAB77E7D-1053-46F9-8946-B8D365B1C6E7}.Release|Any CPU.ActiveCfg = Release|Any CPU
		{FAB77E7D-1053-46F9-8946-B8D365B1C6E7}.Release|Any CPU.Build.0 = Release|Any CPU
		{FAB77E7D-1053-46F9-8946-B8D365B1C6E7}.Release|x64.ActiveCfg = Release|Any CPU
		{FAB77E7D-1053-46F9-8946-B8D365B1C6E7}.Release|x64.Build.0 = Release|Any CPU
		{FAB77E7D-1053-46F9-8946-B8D365B1C6E7}.Release|x86.ActiveCfg = Release|Any CPU
		{FAB77E7D-1053-46F9-8946-B8D365B1C6E7}.Release|x86.Build.0 = Release|Any CPU
	EndGlobalSection
	GlobalSection(SolutionProperties) = preSolution
		HideSolutionNode = FALSE
	EndGlobalSection
	GlobalSection(NestedProjects) = preSolution
		{C44F958B-42E5-57CD-D7EB-959EAE901383} = {827E0CD3-B72D-47B6-A68D-7590B98EB39B}
		{B2400225-C6F2-223A-6002-DB8D890A0652} = {C44F958B-42E5-57CD-D7EB-959EAE901383}
		{100321F8-A67D-4D43-B1DF-43C24D3E9D61} = {B2400225-C6F2-223A-6002-DB8D890A0652}
		{984BB9B3-3FA3-BE33-9484-CAC21695A33C} = {827E0CD3-B72D-47B6-A68D-7590B98EB39B}
		{ED3BF561-8848-C7D8-1C34-53B83B2724E0} = {984BB9B3-3FA3-BE33-9484-CAC21695A33C}
		{7BCE2B1D-4618-4DF8-B68A-816ED51463BC} = {ED3BF561-8848-C7D8-1C34-53B83B2724E0}
		{01B4EF23-FF4E-4C3F-8BE3-32B1473D9DA4} = {ED3BF561-8848-C7D8-1C34-53B83B2724E0}
		{D725B65D-2FC2-4A05-B2FF-A2BD336988F3} = {ED3BF561-8848-C7D8-1C34-53B83B2724E0}
		{8BD9311A-3A11-42BE-887A-C7223306C235} = {ED3BF561-8848-C7D8-1C34-53B83B2724E0}
		{1E46A600-61D2-750F-D174-EAE54C761BE3} = {984BB9B3-3FA3-BE33-9484-CAC21695A33C}
		{506FEEBA-B806-453D-BC5A-57C033AD1A7E} = {1E46A600-61D2-750F-D174-EAE54C761BE3}
		{F5078082-AC9C-0D30-B8C0-6DB6596B8F74} = {984BB9B3-3FA3-BE33-9484-CAC21695A33C}
		{7D3B8D0F-0125-44B1-AAA1-5DC847A28A3E} = {F5078082-AC9C-0D30-B8C0-6DB6596B8F74}
		{5AF0C095-FB1A-4A4D-FA60-0D94BDCD2966} = {984BB9B3-3FA3-BE33-9484-CAC21695A33C}
		{33293A2D-2274-4361-BFA3-B1E20BE0603B} = {5AF0C095-FB1A-4A4D-FA60-0D94BDCD2966}
		{08F9575F-69AD-477A-B3C3-47FA50AB00D5} = {1E46A600-61D2-750F-D174-EAE54C761BE3}
		{CBE535C5-B51A-60E9-4D99-AC1BFAA908A1} = {827E0CD3-B72D-47B6-A68D-7590B98EB39B}
		{639B2B7D-12C6-5AB4-0B47-BFEC04059750} = {CBE535C5-B51A-60E9-4D99-AC1BFAA908A1}
		{88F5BB21-827C-46BA-BDF0-890E12341340} = {639B2B7D-12C6-5AB4-0B47-BFEC04059750}
		{304BC439-6B10-89FE-9FF7-1600E91DE64C} = {984BB9B3-3FA3-BE33-9484-CAC21695A33C}
		{1E869F9F-F8F4-45CF-99C6-6B1E0FE57E6B} = {304BC439-6B10-89FE-9FF7-1600E91DE64C}
		{E5754F59-AEDE-4C05-A99C-63AB40C81715} = {1E46A600-61D2-750F-D174-EAE54C761BE3}
		{3B45C937-270A-404A-9C2A-6A8B008C6F91} = {1E46A600-61D2-750F-D174-EAE54C761BE3}
		{938A7CA3-DD48-4C07-BE29-9EAD45F1D930} = {F5078082-AC9C-0D30-B8C0-6DB6596B8F74}
		{01923BD0-18AB-44D1-A124-F17DFB461A03} = {F5078082-AC9C-0D30-B8C0-6DB6596B8F74}
		{0D86F772-B774-4F58-9306-B6A9CC995037} = {F5078082-AC9C-0D30-B8C0-6DB6596B8F74}
		{C8E42992-5E42-0C2B-DBFE-AA848D06431C} = {827E0CD3-B72D-47B6-A68D-7590B98EB39B}
		{1011860C-7584-465A-A097-DD6FF548D0CC} = {C8E42992-5E42-0C2B-DBFE-AA848D06431C}
		{83D08A89-D4D2-43E6-A52D-64BBBFEF5696} = {304BC439-6B10-89FE-9FF7-1600E91DE64C}
		{E8ECB703-B7B6-4E02-89B5-58F24992BA4F} = {304BC439-6B10-89FE-9FF7-1600E91DE64C}
		{BB0CCFF8-766C-42A9-BFA7-70AE0B1C19A6} = {304BC439-6B10-89FE-9FF7-1600E91DE64C}
		{FAB77E7D-1053-46F9-8946-B8D365B1C6E7} = {C8E42992-5E42-0C2B-DBFE-AA848D06431C}
	EndGlobalSection
EndGlobal
